
Microsoft Visual Studio Solution File, Format Version 12.00
# Visual Studio Version 17
VisualStudioVersion = 17.5.002.0
MinimumVisualStudioVersion = 10.0.40219.1
Project("{9A19103F-16F7-4668-BE54-9A1E7A4F7556}") = "CharacterSheetBuilder", "CharacterSheetBuilder.csproj", "{0F65112D-D28D-4F7A-B9B0-0A44153DF8F9}"
EndProject
Global
	GlobalSection(SolutionConfigurationPlatforms) = preSolution
		Debug|Any CPU = Debug|Any CPU
		Release|Any CPU = Release|Any CPU
	EndGlobalSection
	GlobalSection(ProjectConfigurationPlatforms) = postSolution
		{0F65112D-D28D-4F7A-B9B0-0A44153DF8F9}.Debug|Any CPU.ActiveCfg = Debug|Any CPU
		{0F65112D-D28D-4F7A-B9B0-0A44153DF8F9}.Debug|Any CPU.Build.0 = Debug|Any CPU
		{0F65112D-D28D-4F7A-B9B0-0A44153DF8F9}.Release|Any CPU.ActiveCfg = Release|Any CPU
		{0F65112D-D28D-4F7A-B9B0-0A44153DF8F9}.Release|Any CPU.Build.0 = Release|Any CPU
	EndGlobalSection
	GlobalSection(SolutionProperties) = preSolution
		HideSolutionNode = FALSE
	EndGlobalSection
	GlobalSection(ExtensibilityGlobals) = postSolution
		SolutionGuid = {F3F336EC-14C2-4802-86B8-40C57AF9CBB1}
	EndGlobalSection
EndGlobal
